hash: cb7d22315c3f9571dcc17131abac77aff389292d89e90c9b9572083fac2c7408
updated: 2017-06-04T22:16:06.364848892+05:30
imports:
- name: github.com/boltdb/bolt
  version: 583e8937c61f1af6513608ccc75c97b6abdf4ff9
- name: github.com/golang/protobuf
  version: 5a0f697c9ed9d68fef0116532c6e05cfeae00e55
  subpackages:
  - proto
- name: github.com/pkg/errors
  version: c605e284fe17294bda444b34710735b29d1a9d90
- name: golang.org/x/net
  version: e4fa1c5465ad6111f206fc92186b8c83d64adbe1
  subpackages:
  - context
- name: golang.org/x/sys
  version: b90f89a1e7a9c1f6b918820b3daa7f08488c8594
  subpackages:
  - unix
- name: google.golang.org/appengine
  version: a2f4131514e563cedfdb6e7d267df9ad48591e93
  subpackages:
  - datastore
  - internal
  - internal/app_identity
  - internal/base
  - internal/datastore
  - internal/log
  - internal/modules
  - internal/remote_api
- name: gopkg.in/vmihailenco/msgpack.v2
  version: f4f8982de4ef0de18be76456617cc3f5d8d8141e
  subpackages:
  - codes
testImports: []
